// !$*UTF8*$!
{
	archiveVersion = 1;
	classes = {
	};
	objectVersion = 46;
	objects = {

/* Begin PBXBuildFile section */
		3863256B1E884CEA00DA0A28 /* playsoundviewcontroller-audio.swift in Sources */ = {isa = PBXBuildFile; fileRef = 3863256A1E884CEA00DA0A28 /* playsoundviewcontroller-audio.swift */; };
		387570521E847C36009EE7AB /* AppDelegate.swift in Sources */ = {isa = PBXBuildFile; fileRef = 387570511E847C36009EE7AB /* AppDelegate.swift */; };
		387570541E847C36009EE7AB /* RecordSoundViewControler.swift in Sources */ = {isa = PBXBuildFile; fileRef = 387570531E847C36009EE7AB /* RecordSoundViewControler.swift */; };
		387570571E847C36009EE7AB /* Main.storyboard in Resources */ = {isa = PBXBuildFile; fileRef = 387570551E847C36009EE7AB /* Main.storyboard */; };
		387570591E847C36009EE7AB /* Assets.xcassets in Resources */ = {isa = PBXBuildFile; fileRef = 387570581E847C36009EE7AB /* Assets.xcassets */; };
		3875705C1E847C36009EE7AB /* LaunchScreen.storyboard in Resources */ = {isa = PBXBuildFile; fileRef = 3875705A1E847C36009EE7AB /* LaunchScreen.storyboard */; };
		387570641E848222009EE7AB /* PlaySoundViewController.swift in Sources */ = {isa = PBXBuildFile; fileRef = 387570631E848222009EE7AB /* PlaySoundViewController.swift */; };
		38A8FF7B1EBFAA7000702384 /* SoundWaveVisualizer.swift in Sources */ = {isa = PBXBuildFile; fileRef = 38A8FF7A1EBFAA7000702384 /* SoundWaveVisualizer.swift */; };
/* End PBXBuildFile section */

/* Begin PBXFileReference section */
		3863256A1E884CEA00DA0A28 /* playsoundviewcontroller-audio.swift */ = {isa = PBXFileReference; fileEncoding = 4; lastKnownFileType = sourcecode.swift; path = "playsoundviewcontroller-audio.swift"; sourceTree = "<group>"; };
		3875704E1E847C36009EE7AB /* PitchPerfect.app */ = {isa = PBXFileReference; explicitFileType = wrapper.application; includeInIndex = 0; path = PitchPerfect.app; sourceTree = BUILT_PRODUCTS_DIR; };
		387570511E847C36009EE7AB /* AppDelegate.swift */ = {isa = PBXFileReference; lastKnownFileType = sourcecode.swift; path = AppDelegate.swift; sourceTree = "<group>"; };
		387570531E847C36009EE7AB /* RecordSoundViewControler.swift */ = {isa = PBXFileReference; lastKnownFileType = sourcecode.swift; path = RecordSoundViewControler.swift; sourceTree = "<group>"; };
		387570561E847C36009EE7AB /* Base */ = {isa = PBXFileReference; lastKnownFileType = file.storyboard; name = Base; path = Base.lproj/Main.storyboard; sourceTree = "<group>"; };
		387570581E847C36009EE7AB /* Assets.xcassets */ = {isa = PBXFileReference; lastKnownFileType = folder.assetcatalog; path = Assets.xcassets; sourceTree = "<group>"; };
		3875705B1E847C36009EE7AB /* Base */ = {isa = PBXFileReference; lastKnownFileType = file.storyboard; name = Base; path = Base.lproj/LaunchScreen.storyboard; sourceTree = "<group>"; };
		3875705D1E847C36009EE7AB /* Info.plist */ = {isa = PBXFileReference; lastKnownFileType = text.plist.xml; path = Info.plist; sourceTree = "<group>"; };
		387570631E848222009EE7AB /* PlaySoundViewController.swift */ = {isa = PBXFileReference; fileEncoding = 4; lastKnownFileType = sourcecode.swift; path = PlaySoundViewController.swift; sourceTree = "<group>"; };
		38A8FF7A1EBFAA7000702384 /* SoundWaveVisualizer.swift */ = {isa = PBXFileReference; fileEncoding = 4; lastKnownFileType = sourcecode.swift; path = SoundWaveVisualizer.swift; sourceTree = "<group>"; };
/* End PBXFileReference section */

/* Begin PBXFrameworksBuildPhase section */
		3875704B1E847C36009EE7AB /* Frameworks */ = {
			isa = PBXFrameworksBuildPhase;
			buildActionMask = 2147483647;
			files = (
			);
			runOnlyForDeploymentPostprocessing = 0;
		};
/* End PBXFrameworksBuildPhase section */

/* Begin PBXGroup section */
		387570451E847C36009EE7AB = {
			isa = PBXGroup;
			children = (
				387570501E847C36009EE7AB /* PitchPerfect */,
				3875704F1E847C36009EE7AB /* Products */,
			);
			sourceTree = "<group>";
		};
		3875704F1E847C36009EE7AB /* Products */ = {
			isa = PBXGroup;
			children = (
				3875704E1E847C36009EE7AB /* PitchPerfect.app */,
			);
			name = Products;
			sourceTree = "<group>";
		};
		387570501E847C36009EE7AB /* PitchPerfect */ = {
			isa = PBXGroup;
			children = (
				38A8FF7E1EBFC7B500702384 /* assets */,
				38A8FF7D1EBFC79B00702384 /* Controller */,
				38A8FF7C1EBFC78F00702384 /* View */,
			);
			path = PitchPerfect;
			sourceTree = "<group>";
		};
		38A8FF7C1EBFC78F00702384 /* View */ = {
			isa = PBXGroup;
			children = (
				3875705A1E847C36009EE7AB /* LaunchScreen.storyboard */,
				387570551E847C36009EE7AB /* Main.storyboard */,
			);
			name = View;
			sourceTree = "<group>";
		};
		38A8FF7D1EBFC79B00702384 /* Controller */ = {
			isa = PBXGroup;
			children = (
				38A8FF7A1EBFAA7000702384 /* SoundWaveVisualizer.swift */,
				3863256A1E884CEA00DA0A28 /* playsoundviewcontroller-audio.swift */,
				387570531E847C36009EE7AB /* RecordSoundViewControler.swift */,
				387570631E848222009EE7AB /* PlaySoundViewController.swift */,
			);
			name = Controller;
			sourceTree = "<group>";
		};
		38A8FF7E1EBFC7B500702384 /* assets */ = {
			isa = PBXGroup;
			children = (
				387570511E847C36009EE7AB /* AppDelegate.swift */,
				387570581E847C36009EE7AB /* Assets.xcassets */,
				3875705D1E847C36009EE7AB /* Info.plist */,
			);
			name = assets;
			sourceTree = "<group>";
		};
/* End PBXGroup section */

/* Begin PBXNativeTarget section */
		3875704D1E847C36009EE7AB /* PitchPerfect */ = {
			isa = PBXNativeTarget;
			buildConfigurationList = 387570601E847C36009EE7AB /* Build configuration list for PBXNativeTarget "PitchPerfect" */;
			buildPhases = (
				3875704A1E847C36009EE7AB /* Sources */,
				3875704B1E847C36009EE7AB /* Frameworks */,
				3875704C1E847C36009EE7AB /* Resources */,
			);
			buildRules = (
			);
			dependencies = (
			);
			name = PitchPerfect;
			productName = PitchPerfect;
			productReference = 3875704E1E847C36009EE7AB /* PitchPerfect.app */;
			productType = "com.apple.product-type.application";
		};
/* End PBXNativeTarget section */

/* Begin PBXProject section */
		387570461E847C36009EE7AB /* Project object */ = {
			isa = PBXProject;
			attributes = {
				LastSwiftUpdateCheck = 0820;
				LastUpgradeCheck = 0820;
				ORGANIZATIONNAME = Udacity;
				TargetAttributes = {
					3875704D1E847C36009EE7AB = {
						CreatedOnToolsVersion = 8.2.1;
						DevelopmentTeam = SJ423KZGU5;
						ProvisioningStyle = Automatic;
					};
				};
			};
			buildConfigurationList = 387570491E847C36009EE7AB /* Build configuration list for PBXProject "PitchPerfect" */;
			compatibilityVersion = "Xcode 3.2";
			developmentRegion = English;
			hasScannedForEncodings = 0;
			knownRegions = (
				en,
				Base,
			);
			mainGroup = 387570451E847C36009EE7AB;
			productRefGroup = 3875704F1E847C36009EE7AB /* Products */;
			projectDirPath = "";
			projectRoot = "";
			targets = (
				3875704D1E847C36009EE7AB /* PitchPerfect */,
			);
		};
/* End PBXProject section */

/* Begin PBXResourcesBuildPhase section */
		3875704C1E847C36009EE7AB /* Resources */ = {
			isa = PBXResourcesBuildPhase;
			buildActionMask = 2147483647;
			files = (
				3875705C1E847C36009EE7AB /* LaunchScreen.storyboard in Resources */,
				387570591E847C36009EE7AB /* Assets.xcassets in Resources */,
				387570571E847C36009EE7AB /* Main.storyboard in Resources */,
			);
			runOnlyForDeploymentPostprocessing = 0;
		};
/* End PBXResourcesBuildPhase section */

/* Begin PBXSourcesBuildPhase section */
		3875704A1E847C36009EE7AB /* Sources */ = {
			isa = PBXSourcesBuildPhase;
			buildActionMask = 2147483647;
			files = (
				38A8FF7B1EBFAA7000702384 /* SoundWaveVisualizer.swift in Sources */,
				387570541E847C36009EE7AB /* RecordSoundViewControler.swift in Sources */,
				387570641E848222009EE7AB /* PlaySoundViewController.swift in Sources */,
				387570521E847C36009EE7AB /* AppDelegate.swift in Sources */,
				3863256B1E884CEA00DA0A28 /* playsoundviewcontroller-audio.swift in Sources */,
			);
			runOnlyForDeploymentPostprocessing = 0;
		};
/* End PBXSourcesBuildPhase section */

/* Begin PBXVariantGroup section */
		387570551E847C36009EE7AB /* Main.storyboard */ = {
			isa = PBXVariantGroup;
			children = (
				387570561E847C36009EE7AB /* Base */,
			);
			name = Main.storyboard;
			sourceTree = "<group>";
		};
		3875705A1E847C36009EE7AB /* LaunchScreen.storyboard */ = {
			isa = PBXVariantGroup;
			children = (
				3875705B1E847C36009EE7AB /* Base */,
			);
			name = LaunchScreen.storyboard;
			sourceTree = "<group>";
		};
/* End PBXVariantGroup section */

/* Begin XCBuildConfiguration section */
		3875705E1E847C36009EE7AB /* Debug */ = {
			isa = XCBuildConfiguration;
			buildSettings = {
				ALWAYS_SEARCH_USER_PATHS = NO;
				CLANG_ANALYZER_NONNULL = YES;
				CLANG_CXX_LANGUAGE_STANDARD = "gnu++0x";
				CLANG_CXX_LIBRARY = "libc++";
				CLANG_ENABLE_MODULES = YES;
				CLANG_ENABLE_OBJC_ARC = YES;
				CLANG_WARN_BOOL_CONVERSION = YES;
				CLANG_WARN_CONSTANT_CONVERSION = YES;
				CLANG_WARN_DIRECT_OBJC_ISA_USAGE = YES_ERROR;
				CLANG_WARN_DOCUMENTATION_COMMENTS = YES;
				CLANG_WARN_EMPTY_BODY = YES;
				CLANG_WARN_ENUM_CONVERSION = YES;
				CLANG_WARN_INFINITE_RECURSION = YES;
				CLANG_WARN_INT_CONVERSION = YES;
				CLANG_WARN_OBJC_ROOT_CLASS = YES_ERROR;
				CLANG_WARN_SUSPICIOUS_MOVE = YES;
				CLANG_WARN_UNREACHABLE_CODE = YES;
				CLANG_WARN__DUPLICATE_METHOD_MATCH = YES;
				"CODE_SIGN_IDENTITY[sdk=iphoneos*]" = "iPhone Developer";
				COPY_PHASE_STRIP = NO;
				DEBUG_INFORMATION_FORMAT = dwarf;
				ENABLE_STRICT_OBJC_MSGSEND = YES;
				ENABLE_TESTABILITY = YES;
				GCC_C_LANGUAGE_STANDARD = gnu99;
				GCC_DYNAMIC_NO_PIC = NO;
				GCC_NO_COMMON_BLOCKS = YES;
				GCC_OPTIMIZATION_LEVEL = 0;
				GCC_PREPROCESSOR_DEFINITIONS = (
					"DEBUG=1",
					"$(inherited)",
				);
				GCC_WARN_64_TO_32_BIT_CONVERSION = YES;
				GCC_WARN_ABOUT_RETURN_TYPE = YES_ERROR;
				GCC_WARN_UNDECLARED_SELECTOR = YES;
				GCC_WARN_UNINITIALIZED_AUTOS = YES_AGGRESSIVE;
				GCC_WARN_UNUSED_FUNCTION = YES;
				GCC_WARN_UNUSED_VARIABLE = YES;
				IPHONEOS_DEPLOYMENT_TARGET = 10.2;
				MTL_ENABLE_DEBUG_INFO = YES;
				ONLY_ACTIVE_ARCH = YES;
				SDKROOT = iphoneos;
				SWIFT_ACTIVE_COMPILATION_CONDITIONS = DEBUG;
				SWIFT_OPTIMIZATION_LEVEL = "-Onone";
				TARGETED_DEVICE_FAMILY = "1,2";
			};
			name = Debug;
		};
		3875705F1E847C36009EE7AB /* Release */ = {
			isa = XCBuildConfiguration;
			buildSettings = {
				ALWAYS_SEARCH_USER_PATHS = NO;
				CLANG_ANALYZER_NONNULL = YES;
				CLANG_CXX_LANGUAGE_STANDARD = "gnu++0x";
				CLANG_CXX_LIBRARY = "libc++";
				CLANG_ENABLE_MODULES = YES;
				CLANG_ENABLE_OBJC_ARC = YES;
				CLANG_WARN_BOOL_CONVERSION = YES;
				CLANG_WARN_CONSTANT_CONVERSION = YES;
				CLANG_WARN_DIRECT_OBJC_ISA_USAGE = YES_ERROR;
				CLANG_WARN_DOCUMENTATION_COMMENTS = YES;
				CLANG_WARN_EMPTY_BODY = YES;
				CLANG_WARN_ENUM_CONVERSION = YES;
				CLANG_WARN_INFINITE_RECURSION = YES;
				CLANG_WARN_INT_CONVERSION = YES;
				CLANG_WARN_OBJC_ROOT_CLASS = YES_ERROR;
				CLANG_WARN_SUSPICIOUS_MOVE = YES;
				CLANG_WARN_UNREACHABLE_CODE = YES;
				CLANG_WARN__DUPLICATE_METHOD_MATCH = YES;
				"CODE_SIGN_IDENTITY[sdk=iphoneos*]" = "iPhone Developer";
				COPY_PHASE_STRIP = NO;
				DEBUG_INFORMATION_FORMAT = "dwarf-with-dsym";
				ENABLE_NS_ASSERTIONS = NO;
				ENABLE_STRICT_OBJC_MSGSEND = YES;
				GCC_C_LANGUAGE_STANDARD = gnu99;
				GCC_NO_COMMON_BLOCKS = YES;
				GCC_WARN_64_TO_32_BIT_CONVERSION = YES;
				GCC_WARN_ABOUT_RETURN_TYPE = YES_ERROR;
				GCC_WARN_UNDECLARED_SELECTOR = YES;
				GCC_WARN_UNINITIALIZED_AUTOS = YES_AGGRESSIVE;
				GCC_WARN_UNUSED_FUNCTION = YES;
				GCC_WARN_UNUSED_VARIABLE = YES;
				IPHONEOS_DEPLOYMENT_TARGET = 10.2;
				MTL_ENABLE_DEBUG_INFO = NO;
				SDKROOT = iphoneos;
				SWIFT_OPTIMIZATION_LEVEL = "-Owholemodule";
				TARGETED_DEVICE_FAMILY = "1,2";
				VALIDATE_PRODUCT = YES;
			};
			name = Release;
		};
		387570611E847C36009EE7AB /* Debug */ = {
			isa = XCBuildConfiguration;
			buildSettings = {
				ASSETCATALOG_COMPILER_APPICON_NAME = AppIcon;
				"CODE_SIGN_IDENTITY[sdk=iphoneos*]" = "iPhone Developer";
				DEVELOPMENT_TEAM = SJ423KZGU5;
				INFOPLIST_FILE = PitchPerfect/Info.plist;
				LD_RUNPATH_SEARCH_PATHS = "$(inherited) @executable_path/Frameworks";
				PRODUCT_BUNDLE_IDENTIFIER = com.abhi.PitchPerfect;
				PRODUCT_NAME = "$(TARGET_NAME)";
				PROVISIONING_PROFILE_SPECIFIER = "";
				SWIFT_VERSION = 3.0;
			};
			name = Debug;
		};
		387570621E847C36009EE7AB /* Release */ = {
			isa = XCBuildConfiguration;
			buildSettings = {
				ASSETCATALOG_COMPILER_APPICON_NAME = AppIcon;
				"CODE_SIGN_IDENTITY[sdk=iphoneos*]" = "iPhone Developer";
				DEVELOPMENT_TEAM = SJ423KZGU5;
				INFOPLIST_FILE = PitchPerfect/Info.plist;
				LD_RUNPATH_SEARCH_PATHS = "$(inherited) @executable_path/Frameworks";
				PRODUCT_BUNDLE_IDENTIFIER = com.abhi.PitchPerfect;
				PRODUCT_NAME = "$(TARGET_NAME)";
				PROVISIONING_PROFILE_SPECIFIER = "";
				SWIFT_VERSION = 3.0;
			};
			name = Release;
		};
/* End XCBuildConfiguration section */

/* Begin XCConfigurationList section */
		387570491E847C36009EE7AB /* Build configuration list for PBXProject "PitchPerfect" */ = {
			isa = XCConfigurationList;
			buildConfigurations = (
				3875705E1E847C36009EE7AB /* Debug */,
				3875705F1E847C36009EE7AB /* Release */,
			);
			defaultConfigurationIsVisible = 0;
			defaultConfigurationName = Release;
		};
		387570601E847C36009EE7AB /* Build configuration list for PBXNativeTarget "PitchPerfect" */ = {
			isa = XCConfigurationList;
			buildConfigurations = (
				387570611E847C36009EE7AB /* Debug */,
				387570621E847C36009EE7AB /* Release */,
			);
			defaultConfigurationIsVisible = 0;
			defaultConfigurationName = Release;
		};
/* End XCConfigurationList section */
	};
	rootObject = 387570461E847C36009EE7AB /* Project object */;
}
